Microsoft Visual Studio Solution File, Format Version 12.00
# Visual Studio 14
VisualStudioVersion = 14.0.24720.0
MinimumVisualStudioVersion = 10.0.40219.1
Project("{2150E333-8FDC-42A3-9474-1A3956D46DE8}") = "BooksDemo", "BooksDemo", "{8B24FA62-8400-4E9F-A926-9DA0F66E073E}"
EndProject
Project("{2150E333-8FDC-42A3-9474-1A3956D46DE8}") = "booksdemo", "booksdemo", "{F41603BA-07BF-4D91-B0C5-F79B70AEDB1A}"
	ProjectSection(SolutionItems) = preProject
		Output_Client\ModulePlugin\Books_Wcf\plugin.xml = Output_Client\ModulePlugin\Books_Wcf\plugin.xml
	EndProjectSection
EndProject
Project("{2150E333-8FDC-42A3-9474-1A3956D46DE8}") = "config", "config", "{498A1BA2-D08A-45FD-A618-841FCE47F75C}"
	ProjectSection(SolutionItems) = preProject
		Output_Client\efwplusClient.exe.config = Output_Client\efwplusClient.exe.config
		Output_Client\Config\pluginsys.xml = Output_Client\Config\pluginsys.xml
	EndProjectSection
EndProject
Project("{2150E333-8FDC-42A3-9474-1A3956D46DE8}") = "PluginClient", "PluginClient", "{D9CE1A7C-97FF-48D1-8166-EB28703A3D70}"
EndProject
Project("{FAE04EC0-301F-11D3-BF4B-00C04F79EFBC}") = "Books_Wcf.Winform", "PluginClient\ÊµÀýBooks\Books_Wcf.Winform\Books_Wcf.Winform.csproj", "{37492867-21A2-4102-8F30-ECCAFA84EDEA}"
EndProject
Project("{2150E333-8FDC-42A3-9474-1A3956D46DE8}") = "BaseProject", "BaseProject", "{E2620241-9117-4259-8840-B24DAE948A2E}"
EndProject
Project("{2150E333-8FDC-42A3-9474-1A3956D46DE8}") = "OPProject", "OPProject", "{1A9D660A-2D2C-4281-9F2B-C1A958975287}"
EndProject
Project("{2150E333-8FDC-42A3-9474-1A3956D46DE8}") = "IPProject", "IPProject", "{3C9737F0-FA58-4023-9FA6-539E81A4AB0D}"
EndProject
Project("{2150E333-8FDC-42A3-9474-1A3956D46DE8}") = "ArticleProject", "ArticleProject", "{61F2E389-8DFA-4E99-BDB7-064D94D0F4A6}"
EndProject
Project("{FAE04EC0-301F-11D3-BF4B-00C04F79EFBC}") = "HIS_BasicData.Winform", "PluginClient\BaseProject\HIS_BasicData.Winform\HIS_BasicData.Winform.csproj", "{58C0B583-D6B4-408F-AFAF-D095706606DF}"
EndProject
Project("{FAE04EC0-301F-11D3-BF4B-00C04F79EFBC}") = "HIS_MemberManage.Winform", "PluginClient\OPProject\HIS_MemberManage.Winform\HIS_MemberManage.Winform.csproj", "{DC62A929-6467-4BB0-B01C-2667909FA5AE}"
EndProject
Project("{FAE04EC0-301F-11D3-BF4B-00C04F79EFBC}") = "HIS_OPManage.Winform", "PluginClient\OPProject\HIS_OPManage.Winform\HIS_OPManage.Winform.csproj", "{A7942185-4B69-4047-99E7-CADB5903AA08}"
EndProject
Project("{FAE04EC0-301F-11D3-BF4B-00C04F79EFBC}") = "HIS_OPDoctor.Winform", "PluginClient\OPProject\HIS_OPDoctor.Winform\HIS_OPDoctor.Winform.csproj", "{E4C8FE6A-0996-4B04-B60A-94E52D47D536}"
EndProject
Project("{FAE04EC0-301F-11D3-BF4B-00C04F79EFBC}") = "HIS_OPNurse.Winform", "PluginClient\OPProject\HIS_OPNurse.Winform\HIS_OPNurse.Winform.csproj", "{C16B189A-A594-4AE1-9AB4-04EF9230B292}"
EndProject
Project("{FAE04EC0-301F-11D3-BF4B-00C04F79EFBC}") = "HIS_MaterialManage.Winform", "PluginClient\DrugProject\HIS_MaterialManager.Winform\HIS_MaterialManage.Winform.csproj", "{A8104BB7-EB78-47E4-8C47-7C72009C16FF}"
EndProject
Project("{FAE04EC0-301F-11D3-BF4B-00C04F79EFBC}") = "HIS_IPManage.Winform", "PluginClient\IPProject\HIS_IPManage.Winform\HIS_IPManage.Winform.csproj", "{C2188890-81D5-42F9-9D37-04CB06EBDD08}"
EndProject
Project("{FAE04EC0-301F-11D3-BF4B-00C04F79EFBC}") = "HIS_IPDoctor.Winform", "PluginClient\IPProject\HIS_IPDoctor.Winform\HIS_IPDoctor.Winform.csproj", "{94EC4EBE-7A8B-4E10-BBDB-0BE8A6726207}"
EndProject
Project("{FAE04EC0-301F-11D3-BF4B-00C04F79EFBC}") = "HIS_IPNurse.Winform", "PluginClient\IPProject\HIS_IPNurse.Winform\HIS_IPNurse.Winform.csproj", "{AE17FF8D-B396-4D5E-B682-7A50EBE54312}"
EndProject
Project("{FAE04EC0-301F-11D3-BF4B-00C04F79EFBC}") = "HIS_IPEMR.Winform", "PluginClient\IPProject\HIS_IPEMR.Winform\HIS_IPEMR.Winform.csproj", "{CB79CB1C-B4AF-4EB4-BB8B-524EB80B9DFD}"
EndProject
Project("{2150E333-8FDC-42A3-9474-1A3956D46DE8}") = "mainframe", "mainframe", "{8A1E1984-2038-47CA-A93E-09396CB8936B}"
	ProjectSection(SolutionItems) = preProject
		Output_Client\ModulePlugin\WcfMainUIFrame\plugin.xml = Output_Client\ModulePlugin\WcfMainUIFrame\plugin.xml
	EndProjectSection
EndProject
Project("{2150E333-8FDC-42A3-9474-1A3956D46DE8}") = "baseproject", "baseproject", "{0118DD21-4AA8-406C-B2C4-E83274868AFB}"
	ProjectSection(SolutionItems) = preProject
		Output_Client\ModulePlugin\BaseProject\plugin.xml = Output_Client\ModulePlugin\BaseProject\plugin.xml
	EndProjectSection
EndProject
Project("{2150E333-8FDC-42A3-9474-1A3956D46DE8}") = "drugproject", "drugproject", "{C9CFF9B1-6B03-4ACC-805E-CE8542BC555C}"
	ProjectSection(SolutionItems) = preProject
		Output_Client\ModulePlugin\DrugProject\plugin.xml = Output_Client\ModulePlugin\DrugProject\plugin.xml
	EndProjectSection
EndProject
Project("{2150E333-8FDC-42A3-9474-1A3956D46DE8}") = "ipproject", "ipproject", "{DE9B2B26-F238-4BF9-BD2C-4B33A2CA0445}"
	ProjectSection(SolutionItems) = preProject
		Output_Client\ModulePlugin\IPProject\plugin.xml = Output_Client\ModulePlugin\IPProject\plugin.xml
	EndProjectSection
EndProject
Project("{2150E333-8FDC-42A3-9474-1A3956D46DE8}") = "opproject", "opproject", "{A32C4014-5B5F-48F4-BBAA-850C27561013}"
	ProjectSection(SolutionItems) = preProject
		Output_Client\ModulePlugin\OPProject\plugin.xml = Output_Client\ModulePlugin\OPProject\plugin.xml
	EndProjectSection
EndProject
Project("{FAE04EC0-301F-11D3-BF4B-00C04F79EFBC}") = "HIS_DrugManage.Winform", "PluginClient\DrugProject\HIS_DrugManger.Winform\HIS_DrugManage.Winform.csproj", "{3B506ACA-58D0-4345-953E-97F9FF96A2BC}"
EndProject
Project("{2150E333-8FDC-42A3-9474-1A3956D46DE8}") = "MIProject", "MIProject", "{270D0DAB-C4C4-4452-BE4E-03183137169A}"
EndProject
Project("{FAE04EC0-301F-11D3-BF4B-00C04F79EFBC}") = "HIS_MIInterface.Winform", "PluginClient\MIProject\HIS_MIInterface.Winform\HIS_MIInterface.Winform.csproj", "{FC6832A5-5D90-4C8A-AE84-BA254ECF9B55}"
EndProject
Project("{2150E333-8FDC-42A3-9474-1A3956D46DE8}") = "miproject", "miproject", "{9A6DAFBE-6035-4A4E-BFA9-38CB721F5638}"
	ProjectSection(SolutionItems) = preProject
		Output_Client\ModulePlugin\MIProject\plugin.xml = Output_Client\ModulePlugin\MIProject\plugin.xml
	EndProjectSection
EndProject
Project("{FAE04EC0-301F-11D3-BF4B-00C04F79EFBC}") = "HIS_MIInterface.Interface", "PluginClient\MIProject\HIS_MIInterface.Interface\HIS_MIInterface.Interface.csproj", "{56A2B1A9-93CD-4AD5-9B40-B2C3D0E3FEAD}"
EndProject
Project("{FAE04EC0-301F-11D3-BF4B-00C04F79EFBC}") = "HIS_FinancialStatistics.Winform", "PluginClient\BaseProject\HIS_FinancialStatistics.Winform\HIS_FinancialStatistics.Winform.csproj", "{D55C6CBE-16D6-4806-961A-08F1D7F43327}"
EndProject
Project("{FAE04EC0-301F-11D3-BF4B-00C04F79EFBC}") = "HIS_ThatFee.Winform", "PluginClient\BaseProject\HIS_ThatFee.Winform\HIS_ThatFee.Winform.csproj", "{653EEBF2-DD8E-459E-BD74-02987EFB2789}"
EndProject
Project("{FAE04EC0-301F-11D3-BF4B-00C04F79EFBC}") = "efwplusClient", "PluginClient\efwplusClient\efwplusClient.csproj", "{C44C4A05-FDFF-4E07-A30E-8C1C153EE84C}"
EndProject
Project("{FAE04EC0-301F-11D3-BF4B-00C04F79EFBC}") = "SiInterfaceDll", "PluginServer\MIProject\SiInterface\SiInterfaceDll.csproj", "{CDD9DE26-BC67-4799-BF8A-961D27D533E7}"
EndProject
Global
	GlobalSection(SolutionConfigurationPlatforms) = preSolution
		Debug|Any CPU = Debug|Any CPU
		Debug|x86 = Debug|x86
		Release|Any CPU = Release|Any CPU
		Release|x86 = Release|x86
	EndGlobalSection
	GlobalSection(ProjectConfigurationPlatforms) = postSolution
		{37492867-21A2-4102-8F30-ECCAFA84EDEA}.Debug|Any CPU.ActiveCfg = Debug|Any CPU
		{37492867-21A2-4102-8F30-ECCAFA84EDEA}.Debug|Any CPU.Build.0 = Debug|Any CPU
		{37492867-21A2-4102-8F30-ECCAFA84EDEA}.Debug|x86.ActiveCfg = Debug|Any CPU
		{37492867-21A2-4102-8F30-ECCAFA84EDEA}.Debug|x86.Build.0 = Debug|Any CPU
		{37492867-21A2-4102-8F30-ECCAFA84EDEA}.Release|Any CPU.ActiveCfg = Release|Any CPU
		{37492867-21A2-4102-8F30-ECCAFA84EDEA}.Release|Any CPU.Build.0 = Release|Any CPU
		{37492867-21A2-4102-8F30-ECCAFA84EDEA}.Release|x86.ActiveCfg = Release|Any CPU
		{37492867-21A2-4102-8F30-ECCAFA84EDEA}.Release|x86.Build.0 = Release|Any CPU
		{58C0B583-D6B4-408F-AFAF-D095706606DF}.Debug|Any CPU.ActiveCfg = Debug|Any CPU
		{58C0B583-D6B4-408F-AFAF-D095706606DF}.Debug|Any CPU.Build.0 = Debug|Any CPU
		{58C0B583-D6B4-408F-AFAF-D095706606DF}.Debug|x86.ActiveCfg = Debug|Any CPU
		{58C0B583-D6B4-408F-AFAF-D095706606DF}.Debug|x86.Build.0 = Debug|Any CPU
		{58C0B583-D6B4-408F-AFAF-D095706606DF}.Release|Any CPU.ActiveCfg = Release|Any CPU
		{58C0B583-D6B4-408F-AFAF-D095706606DF}.Release|Any CPU.Build.0 = Release|Any CPU
		{58C0B583-D6B4-408F-AFAF-D095706606DF}.Release|x86.ActiveCfg = Release|Any CPU
		{58C0B583-D6B4-408F-AFAF-D095706606DF}.Release|x86.Build.0 = Release|Any CPU
		{DC62A929-6467-4BB0-B01C-2667909FA5AE}.Debug|Any CPU.ActiveCfg = Debug|Any CPU
		{DC62A929-6467-4BB0-B01C-2667909FA5AE}.Debug|Any CPU.Build.0 = Debug|Any CPU
		{DC62A929-6467-4BB0-B01C-2667909FA5AE}.Debug|x86.ActiveCfg = Debug|Any CPU
		{DC62A929-6467-4BB0-B01C-2667909FA5AE}.Debug|x86.Build.0 = Debug|Any CPU
		{DC62A929-6467-4BB0-B01C-2667909FA5AE}.Release|Any CPU.ActiveCfg = Release|Any CPU
		{DC62A929-6467-4BB0-B01C-2667909FA5AE}.Release|Any CPU.Build.0 = Release|Any CPU
		{DC62A929-6467-4BB0-B01C-2667909FA5AE}.Release|x86.ActiveCfg = Release|Any CPU
		{DC62A929-6467-4BB0-B01C-2667909FA5AE}.Release|x86.Build.0 = Release|Any CPU
		{A7942185-4B69-4047-99E7-CADB5903AA08}.Debug|Any CPU.ActiveCfg = Debug|Any CPU
		{A7942185-4B69-4047-99E7-CADB5903AA08}.Debug|Any CPU.Build.0 = Debug|Any CPU
		{A7942185-4B69-4047-99E7-CADB5903AA08}.Debug|x86.ActiveCfg = Debug|Any CPU
		{A7942185-4B69-4047-99E7-CADB5903AA08}.Debug|x86.Build.0 = Debug|Any CPU
		{A7942185-4B69-4047-99E7-CADB5903AA08}.Release|Any CPU.ActiveCfg = Release|Any CPU
		{A7942185-4B69-4047-99E7-CADB5903AA08}.Release|Any CPU.Build.0 = Release|Any CPU
		{A7942185-4B69-4047-99E7-CADB5903AA08}.Release|x86.ActiveCfg = Release|Any CPU
		{A7942185-4B69-4047-99E7-CADB5903AA08}.Release|x86.Build.0 = Release|Any CPU
		{E4C8FE6A-0996-4B04-B60A-94E52D47D536}.Debug|Any CPU.ActiveCfg = Debug|Any CPU
		{E4C8FE6A-0996-4B04-B60A-94E52D47D536}.Debug|Any CPU.Build.0 = Debug|Any CPU
		{E4C8FE6A-0996-4B04-B60A-94E52D47D536}.Debug|x86.ActiveCfg = Debug|Any CPU
		{E4C8FE6A-0996-4B04-B60A-94E52D47D536}.Debug|x86.Build.0 = Debug|Any CPU
		{E4C8FE6A-0996-4B04-B60A-94E52D47D536}.Release|Any CPU.ActiveCfg = Release|Any CPU
		{E4C8FE6A-0996-4B04-B60A-94E52D47D536}.Release|Any CPU.Build.0 = Release|Any CPU
		{E4C8FE6A-0996-4B04-B60A-94E52D47D536}.Release|x86.ActiveCfg = Release|Any CPU
		{E4C8FE6A-0996-4B04-B60A-94E52D47D536}.Release|x86.Build.0 = Release|Any CPU
		{C16B189A-A594-4AE1-9AB4-04EF9230B292}.Debug|Any CPU.ActiveCfg = Debug|Any CPU
		{C16B189A-A594-4AE1-9AB4-04EF9230B292}.Debug|Any CPU.Build.0 = Debug|Any CPU
		{C16B189A-A594-4AE1-9AB4-04EF9230B292}.Debug|x86.ActiveCfg = Debug|Any CPU
		{C16B189A-A594-4AE1-9AB4-04EF9230B292}.Debug|x86.Build.0 = Debug|Any CPU
		{C16B189A-A594-4AE1-9AB4-04EF9230B292}.Release|Any CPU.ActiveCfg = Release|Any CPU
		{C16B189A-A594-4AE1-9AB4-04EF9230B292}.Release|Any CPU.Build.0 = Release|Any CPU
		{C16B189A-A594-4AE1-9AB4-04EF9230B292}.Release|x86.ActiveCfg = Release|Any CPU
		{C16B189A-A594-4AE1-9AB4-04EF9230B292}.Release|x86.Build.0 = Release|Any CPU
		{A8104BB7-EB78-47E4-8C47-7C72009C16FF}.Debug|Any CPU.ActiveCfg = Debug|Any CPU
		{A8104BB7-EB78-47E4-8C47-7C72009C16FF}.Debug|Any CPU.Build.0 = Debug|Any CPU
		{A8104BB7-EB78-47E4-8C47-7C72009C16FF}.Debug|x86.ActiveCfg = Debug|Any CPU
		{A8104BB7-EB78-47E4-8C47-7C72009C16FF}.Debug|x86.Build.0 = Debug|Any CPU
		{A8104BB7-EB78-47E4-8C47-7C72009C16FF}.Release|Any CPU.ActiveCfg = Release|Any CPU
		{A8104BB7-EB78-47E4-8C47-7C72009C16FF}.Release|Any CPU.Build.0 = Release|Any CPU
		{A8104BB7-EB78-47E4-8C47-7C72009C16FF}.Release|x86.ActiveCfg = Release|Any CPU
		{A8104BB7-EB78-47E4-8C47-7C72009C16FF}.Release|x86.Build.0 = Release|Any CPU
		{C2188890-81D5-42F9-9D37-04CB06EBDD08}.Debug|Any CPU.ActiveCfg = Debug|Any CPU
		{C2188890-81D5-42F9-9D37-04CB06EBDD08}.Debug|Any CPU.Build.0 = Debug|Any CPU
		{C2188890-81D5-42F9-9D37-04CB06EBDD08}.Debug|x86.ActiveCfg = Debug|Any CPU
		{C2188890-81D5-42F9-9D37-04CB06EBDD08}.Debug|x86.Build.0 = Debug|Any CPU
		{C2188890-81D5-42F9-9D37-04CB06EBDD08}.Release|Any CPU.ActiveCfg = Release|Any CPU
		{C2188890-81D5-42F9-9D37-04CB06EBDD08}.Release|Any CPU.Build.0 = Release|Any CPU
		{C2188890-81D5-42F9-9D37-04CB06EBDD08}.Release|x86.ActiveCfg = Release|Any CPU
		{C2188890-81D5-42F9-9D37-04CB06EBDD08}.Release|x86.Build.0 = Release|Any CPU
		{94EC4EBE-7A8B-4E10-BBDB-0BE8A6726207}.Debug|Any CPU.ActiveCfg = Debug|Any CPU
		{94EC4EBE-7A8B-4E10-BBDB-0BE8A6726207}.Debug|Any CPU.Build.0 = Debug|Any CPU
		{94EC4EBE-7A8B-4E10-BBDB-0BE8A6726207}.Debug|x86.ActiveCfg = Debug|Any CPU
		{94EC4EBE-7A8B-4E10-BBDB-0BE8A6726207}.Debug|x86.Build.0 = Debug|Any CPU
		{94EC4EBE-7A8B-4E10-BBDB-0BE8A6726207}.Release|Any CPU.ActiveCfg = Release|Any CPU
		{94EC4EBE-7A8B-4E10-BBDB-0BE8A6726207}.Release|Any CPU.Build.0 = Release|Any CPU
		{94EC4EBE-7A8B-4E10-BBDB-0BE8A6726207}.Release|x86.ActiveCfg = Release|Any CPU
		{94EC4EBE-7A8B-4E10-BBDB-0BE8A6726207}.Release|x86.Build.0 = Release|Any CPU
		{AE17FF8D-B396-4D5E-B682-7A50EBE54312}.Debug|Any CPU.ActiveCfg = Debug|Any CPU
		{AE17FF8D-B396-4D5E-B682-7A50EBE54312}.Debug|Any CPU.Build.0 = Debug|Any CPU
		{AE17FF8D-B396-4D5E-B682-7A50EBE54312}.Debug|x86.ActiveCfg = Debug|Any CPU
		{AE17FF8D-B396-4D5E-B682-7A50EBE54312}.Debug|x86.Build.0 = Debug|Any CPU
		{AE17FF8D-B396-4D5E-B682-7A50EBE54312}.Release|Any CPU.ActiveCfg = Release|Any CPU
		{AE17FF8D-B396-4D5E-B682-7A50EBE54312}.Release|Any CPU.Build.0 = Release|Any CPU
		{AE17FF8D-B396-4D5E-B682-7A50EBE54312}.Release|x86.ActiveCfg = Release|Any CPU
		{AE17FF8D-B396-4D5E-B682-7A50EBE54312}.Release|x86.Build.0 = Release|Any CPU
		{CB79CB1C-B4AF-4EB4-BB8B-524EB80B9DFD}.Debug|Any CPU.ActiveCfg = Debug|Any CPU
		{CB79CB1C-B4AF-4EB4-BB8B-524EB80B9DFD}.Debug|Any CPU.Build.0 = Debug|Any CPU
		{CB79CB1C-B4AF-4EB4-BB8B-524EB80B9DFD}.Debug|x86.ActiveCfg = Debug|Any CPU
		{CB79CB1C-B4AF-4EB4-BB8B-524EB80B9DFD}.Debug|x86.Build.0 = Debug|Any CPU
		{CB79CB1C-B4AF-4EB4-BB8B-524EB80B9DFD}.Release|Any CPU.ActiveCfg = Release|Any CPU
		{CB79CB1C-B4AF-4EB4-BB8B-524EB80B9DFD}.Release|Any CPU.Build.0 = Release|Any CPU
		{CB79CB1C-B4AF-4EB4-BB8B-524EB80B9DFD}.Release|x86.ActiveCfg = Release|Any CPU
		{CB79CB1C-B4AF-4EB4-BB8B-524EB80B9DFD}.Release|x86.Build.0 = Release|Any CPU
		{3B506ACA-58D0-4345-953E-97F9FF96A2BC}.Debug|Any CPU.ActiveCfg = Debug|Any CPU
		{3B506ACA-58D0-4345-953E-97F9FF96A2BC}.Debug|Any CPU.Build.0 = Debug|Any CPU
		{3B506ACA-58D0-4345-953E-97F9FF96A2BC}.Debug|x86.ActiveCfg = Debug|Any CPU
		{3B506ACA-58D0-4345-953E-97F9FF96A2BC}.Debug|x86.Build.0 = Debug|Any CPU
		{3B506ACA-58D0-4345-953E-97F9FF96A2BC}.Release|Any CPU.ActiveCfg = Release|Any CPU
		{3B506ACA-58D0-4345-953E-97F9FF96A2BC}.Release|Any CPU.Build.0 = Release|Any CPU
		{3B506ACA-58D0-4345-953E-97F9FF96A2BC}.Release|x86.ActiveCfg = Release|Any CPU
		{3B506ACA-58D0-4345-953E-97F9FF96A2BC}.Release|x86.Build.0 = Release|Any CPU
		{FC6832A5-5D90-4C8A-AE84-BA254ECF9B55}.Debug|Any CPU.ActiveCfg = Debug|Any CPU
		{FC6832A5-5D90-4C8A-AE84-BA254ECF9B55}.Debug|Any CPU.Build.0 = Debug|Any CPU
		{FC6832A5-5D90-4C8A-AE84-BA254ECF9B55}.Debug|x86.ActiveCfg = Debug|Any CPU
		{FC6832A5-5D90-4C8A-AE84-BA254ECF9B55}.Debug|x86.Build.0 = Debug|Any CPU
		{FC6832A5-5D90-4C8A-AE84-BA254ECF9B55}.Release|Any CPU.ActiveCfg = Release|Any CPU
		{FC6832A5-5D90-4C8A-AE84-BA254ECF9B55}.Release|Any CPU.Build.0 = Release|Any CPU
		{FC6832A5-5D90-4C8A-AE84-BA254ECF9B55}.Release|x86.ActiveCfg = Release|Any CPU
		{FC6832A5-5D90-4C8A-AE84-BA254ECF9B55}.Release|x86.Build.0 = Release|Any CPU
		{56A2B1A9-93CD-4AD5-9B40-B2C3D0E3FEAD}.Debug|Any CPU.ActiveCfg = Debug|Any CPU
		{56A2B1A9-93CD-4AD5-9B40-B2C3D0E3FEAD}.Debug|Any CPU.Build.0 = Debug|Any CPU
		{56A2B1A9-93CD-4AD5-9B40-B2C3D0E3FEAD}.Debug|x86.ActiveCfg = Debug|Any CPU
		{56A2B1A9-93CD-4AD5-9B40-B2C3D0E3FEAD}.Debug|x86.Build.0 = Debug|Any CPU
		{56A2B1A9-93CD-4AD5-9B40-B2C3D0E3FEAD}.Release|Any CPU.ActiveCfg = Release|Any CPU
		{56A2B1A9-93CD-4AD5-9B40-B2C3D0E3FEAD}.Release|Any CPU.Build.0 = Release|Any CPU
		{56A2B1A9-93CD-4AD5-9B40-B2C3D0E3FEAD}.Release|x86.ActiveCfg = Release|Any CPU
		{56A2B1A9-93CD-4AD5-9B40-B2C3D0E3FEAD}.Release|x86.Build.0 = Release|Any CPU
		{D55C6CBE-16D6-4806-961A-08F1D7F43327}.Debug|Any CPU.ActiveCfg = Debug|Any CPU
		{D55C6CBE-16D6-4806-961A-08F1D7F43327}.Debug|Any CPU.Build.0 = Debug|Any CPU
		{D55C6CBE-16D6-4806-961A-08F1D7F43327}.Debug|x86.ActiveCfg = Debug|Any CPU
		{D55C6CBE-16D6-4806-961A-08F1D7F43327}.Debug|x86.Build.0 = Debug|Any CPU
		{D55C6CBE-16D6-4806-961A-08F1D7F43327}.Release|Any CPU.ActiveCfg = Release|Any CPU
		{D55C6CBE-16D6-4806-961A-08F1D7F43327}.Release|Any CPU.Build.0 = Release|Any CPU
		{D55C6CBE-16D6-4806-961A-08F1D7F43327}.Release|x86.ActiveCfg = Release|Any CPU
		{D55C6CBE-16D6-4806-961A-08F1D7F43327}.Release|x86.Build.0 = Release|Any CPU
		{653EEBF2-DD8E-459E-BD74-02987EFB2789}.Debug|Any CPU.ActiveCfg = Debug|Any CPU
		{653EEBF2-DD8E-459E-BD74-02987EFB2789}.Debug|Any CPU.Build.0 = Debug|Any CPU
		{653EEBF2-DD8E-459E-BD74-02987EFB2789}.Debug|x86.ActiveCfg = Debug|Any CPU
		{653EEBF2-DD8E-459E-BD74-02987EFB2789}.Debug|x86.Build.0 = Debug|Any CPU
		{653EEBF2-DD8E-459E-BD74-02987EFB2789}.Release|Any CPU.ActiveCfg = Release|Any CPU
		{653EEBF2-DD8E-459E-BD74-02987EFB2789}.Release|Any CPU.Build.0 = Release|Any CPU
		{653EEBF2-DD8E-459E-BD74-02987EFB2789}.Release|x86.ActiveCfg = Release|Any CPU
		{653EEBF2-DD8E-459E-BD74-02987EFB2789}.Release|x86.Build.0 = Release|Any CPU
		{C44C4A05-FDFF-4E07-A30E-8C1C153EE84C}.Debug|Any CPU.ActiveCfg = Debug|Any CPU
		{C44C4A05-FDFF-4E07-A30E-8C1C153EE84C}.Debug|Any CPU.Build.0 = Debug|Any CPU
		{C44C4A05-FDFF-4E07-A30E-8C1C153EE84C}.Debug|x86.ActiveCfg = Debug|Any CPU
		{C44C4A05-FDFF-4E07-A30E-8C1C153EE84C}.Debug|x86.Build.0 = Debug|Any CPU
		{C44C4A05-FDFF-4E07-A30E-8C1C153EE84C}.Release|Any CPU.ActiveCfg = Release|Any CPU
		{C44C4A05-FDFF-4E07-A30E-8C1C153EE84C}.Release|Any CPU.Build.0 = Release|Any CPU
		{C44C4A05-FDFF-4E07-A30E-8C1C153EE84C}.Release|x86.ActiveCfg = Release|Any CPU
		{C44C4A05-FDFF-4E07-A30E-8C1C153EE84C}.Release|x86.Build.0 = Release|Any CPU
		{CDD9DE26-BC67-4799-BF8A-961D27D533E7}.Debug|Any CPU.ActiveCfg = Debug|Any CPU
		{CDD9DE26-BC67-4799-BF8A-961D27D533E7}.Debug|Any CPU.Build.0 = Debug|Any CPU
		{CDD9DE26-BC67-4799-BF8A-961D27D533E7}.Debug|x86.ActiveCfg = Debug|Any CPU
		{CDD9DE26-BC67-4799-BF8A-961D27D533E7}.Debug|x86.Build.0 = Debug|Any CPU
		{CDD9DE26-BC67-4799-BF8A-961D27D533E7}.Release|Any CPU.ActiveCfg = Release|Any CPU
		{CDD9DE26-BC67-4799-BF8A-961D27D533E7}.Release|Any CPU.Build.0 = Release|Any CPU
		{CDD9DE26-BC67-4799-BF8A-961D27D533E7}.Release|x86.ActiveCfg = Release|Any CPU
		{CDD9DE26-BC67-4799-BF8A-961D27D533E7}.Release|x86.Build.0 = Release|Any CPU
	EndGlobalSection
	GlobalSection(SolutionProperties) = preSolution
		HideSolutionNode = FALSE
	EndGlobalSection
	GlobalSection(NestedProjects) = preSolution
		{8B24FA62-8400-4E9F-A926-9DA0F66E073E} = {D9CE1A7C-97FF-48D1-8166-EB28703A3D70}
		{F41603BA-07BF-4D91-B0C5-F79B70AEDB1A} = {498A1BA2-D08A-45FD-A618-841FCE47F75C}
		{37492867-21A2-4102-8F30-ECCAFA84EDEA} = {8B24FA62-8400-4E9F-A926-9DA0F66E073E}
		{E2620241-9117-4259-8840-B24DAE948A2E} = {D9CE1A7C-97FF-48D1-8166-EB28703A3D70}
		{1A9D660A-2D2C-4281-9F2B-C1A958975287} = {D9CE1A7C-97FF-48D1-8166-EB28703A3D70}
		{3C9737F0-FA58-4023-9FA6-539E81A4AB0D} = {D9CE1A7C-97FF-48D1-8166-EB28703A3D70}
		{61F2E389-8DFA-4E99-BDB7-064D94D0F4A6} = {D9CE1A7C-97FF-48D1-8166-EB28703A3D70}
		{58C0B583-D6B4-408F-AFAF-D095706606DF} = {E2620241-9117-4259-8840-B24DAE948A2E}
		{DC62A929-6467-4BB0-B01C-2667909FA5AE} = {1A9D660A-2D2C-4281-9F2B-C1A958975287}
		{A7942185-4B69-4047-99E7-CADB5903AA08} = {1A9D660A-2D2C-4281-9F2B-C1A958975287}
		{E4C8FE6A-0996-4B04-B60A-94E52D47D536} = {1A9D660A-2D2C-4281-9F2B-C1A958975287}
		{C16B189A-A594-4AE1-9AB4-04EF9230B292} = {1A9D660A-2D2C-4281-9F2B-C1A958975287}
		{A8104BB7-EB78-47E4-8C47-7C72009C16FF} = {61F2E389-8DFA-4E99-BDB7-064D94D0F4A6}
		{C2188890-81D5-42F9-9D37-04CB06EBDD08} = {3C9737F0-FA58-4023-9FA6-539E81A4AB0D}
		{94EC4EBE-7A8B-4E10-BBDB-0BE8A6726207} = {3C9737F0-FA58-4023-9FA6-539E81A4AB0D}
		{AE17FF8D-B396-4D5E-B682-7A50EBE54312} = {3C9737F0-FA58-4023-9FA6-539E81A4AB0D}
		{CB79CB1C-B4AF-4EB4-BB8B-524EB80B9DFD} = {3C9737F0-FA58-4023-9FA6-539E81A4AB0D}
		{8A1E1984-2038-47CA-A93E-09396CB8936B} = {498A1BA2-D08A-45FD-A618-841FCE47F75C}
		{0118DD21-4AA8-406C-B2C4-E83274868AFB} = {498A1BA2-D08A-45FD-A618-841FCE47F75C}
		{C9CFF9B1-6B03-4ACC-805E-CE8542BC555C} = {498A1BA2-D08A-45FD-A618-841FCE47F75C}
		{DE9B2B26-F238-4BF9-BD2C-4B33A2CA0445} = {498A1BA2-D08A-45FD-A618-841FCE47F75C}
		{A32C4014-5B5F-48F4-BBAA-850C27561013} = {498A1BA2-D08A-45FD-A618-841FCE47F75C}
		{3B506ACA-58D0-4345-953E-97F9FF96A2BC} = {61F2E389-8DFA-4E99-BDB7-064D94D0F4A6}
		{270D0DAB-C4C4-4452-BE4E-03183137169A} = {D9CE1A7C-97FF-48D1-8166-EB28703A3D70}
		{FC6832A5-5D90-4C8A-AE84-BA254ECF9B55} = {270D0DAB-C4C4-4452-BE4E-03183137169A}
		{9A6DAFBE-6035-4A4E-BFA9-38CB721F5638} = {498A1BA2-D08A-45FD-A618-841FCE47F75C}
		{56A2B1A9-93CD-4AD5-9B40-B2C3D0E3FEAD} = {270D0DAB-C4C4-4452-BE4E-03183137169A}
		{D55C6CBE-16D6-4806-961A-08F1D7F43327} = {E2620241-9117-4259-8840-B24DAE948A2E}
		{653EEBF2-DD8E-459E-BD74-02987EFB2789} = {E2620241-9117-4259-8840-B24DAE948A2E}
		{CDD9DE26-BC67-4799-BF8A-961D27D533E7} = {270D0DAB-C4C4-4452-BE4E-03183137169A}
	EndGlobalSection
EndGlobal
