Microsoft Visual Studio Solution File, Format Version 12.00
# Visual Studio 14
VisualStudioVersion = 14.0.24720.0
MinimumVisualStudioVersion = 10.0.40219.1
Project("{2150E333-8FDC-42A3-9474-1A3956D46DE8}") = "BooksDemo", "BooksDemo", "{8B24FA62-8400-4E9F-A926-9DA0F66E073E}"
EndProject
Project("{2150E333-8FDC-42A3-9474-1A3956D46DE8}") = "booksdemo", "booksdemo", "{F41603BA-07BF-4D91-B0C5-F79B70AEDB1A}"
	ProjectSection(SolutionItems) = preProject
		Output\ModulePlugin\Books_Wcf\plugin.xml = Output\ModulePlugin\Books_Wcf\plugin.xml
	EndProjectSection
EndProject
Project("{911E67C6-3D85-4FCE-B560-20A9C3E3FF48}") = "efwplusServer", "Output\efwplusServer.exe", "{BA4AC09D-9707-4158-A437-9783C818B13A}"
	ProjectSection(DebuggerProjectSystem) = preProject
		PortSupplier = 00000000-0000-0000-0000-000000000000
		Executable = D:\efwplusProject\cloudhospital\Output\efwplusServer.exe
		RemoteMachine = UALG394S3SBEXSU
		StartingDirectory = D:\efwplusProject\cloudhospital\Output
		Environment = Ä¬ÈÏÖµ
		LaunchingEngine = 00000000-0000-0000-0000-000000000000
		UseLegacyDebugEngines = No
		LaunchSQLEngine = No
		AttachLaunchAction = No
	EndProjectSection
EndProject
Project("{2150E333-8FDC-42A3-9474-1A3956D46DE8}") = "config", "config", "{498A1BA2-D08A-45FD-A618-841FCE47F75C}"
	ProjectSection(SolutionItems) = preProject
		Output\efwplusServer.exe.config = Output\efwplusServer.exe.config
		Output\Config\EntLib.config = Output\Config\EntLib.config
		Output\Config\pluginsys.xml = Output\Config\pluginsys.xml
	EndProjectSection
EndProject
Project("{2150E333-8FDC-42A3-9474-1A3956D46DE8}") = "PluginServer", "PluginServer", "{D9CE1A7C-97FF-48D1-8166-EB28703A3D70}"
EndProject
Project("{FAE04EC0-301F-11D3-BF4B-00C04F79EFBC}") = "Books_Wcf", "PluginServer\ÊµÀýBooks\Books_Wcf\Books_Wcf.csproj", "{79168A48-52A6-4486-9CD1-C3E05F9BD94B}"
EndProject
Project("{2150E333-8FDC-42A3-9474-1A3956D46DE8}") = "mainframe", "mainframe", "{09331BC3-CFD2-4813-8F1B-093D95886ADE}"
	ProjectSection(SolutionItems) = preProject
		Output\ModulePlugin\WcfMainUIFrame\plugin.xml = Output\ModulePlugin\WcfMainUIFrame\plugin.xml
	EndProjectSection
EndProject
Project("{2150E333-8FDC-42A3-9474-1A3956D46DE8}") = "BaseProject", "BaseProject", "{1AFB4A45-DCCC-4526-AA18-9E92985682EA}"
EndProject
Project("{2150E333-8FDC-42A3-9474-1A3956D46DE8}") = "ArticleProject", "ArticleProject", "{C20E18D1-0DBE-4009-8785-758AB2B5EFCE}"
EndProject
Project("{2150E333-8FDC-42A3-9474-1A3956D46DE8}") = "IPProject", "IPProject", "{682A1039-C6A1-4773-8905-DE194F6F2ABF}"
EndProject
Project("{2150E333-8FDC-42A3-9474-1A3956D46DE8}") = "OPProject", "OPProject", "{77B8A686-47B6-4D8D-AC0B-287025296575}"
EndProject
Project("{2150E333-8FDC-42A3-9474-1A3956D46DE8}") = "baseproject", "baseproject", "{0D444347-8F89-4D55-B520-D1F80E64DB5F}"
	ProjectSection(SolutionItems) = preProject
		Output\ModulePlugin\BaseProject\plugin.xml = Output\ModulePlugin\BaseProject\plugin.xml
	EndProjectSection
EndProject
Project("{2150E333-8FDC-42A3-9474-1A3956D46DE8}") = "drugproject", "drugproject", "{C9BED6C6-14CA-4853-AB41-DCD2A9EF99CC}"
	ProjectSection(SolutionItems) = preProject
		Output\ModulePlugin\DrugProject\plugin.xml = Output\ModulePlugin\DrugProject\plugin.xml
	EndProjectSection
EndProject
Project("{2150E333-8FDC-42A3-9474-1A3956D46DE8}") = "ipproject", "ipproject", "{DA68C22F-5F30-407A-8AB9-9C2F8ABD486F}"
	ProjectSection(SolutionItems) = preProject
		Output\ModulePlugin\IPProject\plugin.xml = Output\ModulePlugin\IPProject\plugin.xml
	EndProjectSection
EndProject
Project("{2150E333-8FDC-42A3-9474-1A3956D46DE8}") = "opproject", "opproject", "{C736E5D9-52DF-459C-8B19-03A937ECDD28}"
	ProjectSection(SolutionItems) = preProject
		Output\ModulePlugin\OPProject\plugin.xml = Output\ModulePlugin\OPProject\plugin.xml
	EndProjectSection
EndProject
Project("{FAE04EC0-301F-11D3-BF4B-00C04F79EFBC}") = "HIS_BasicData", "PluginServer\BaseProject\HIS_BasicData\HIS_BasicData.csproj", "{A7DA6C13-E76A-489F-974F-B987DCFD29FC}"
EndProject
Project("{FAE04EC0-301F-11D3-BF4B-00C04F79EFBC}") = "HIS_DrugManage", "PluginServer\DrugProject\HIS_DrugManger\HIS_DrugManage.csproj", "{1E7366C4-1850-4429-89E8-8561B6B855BA}"
EndProject
Project("{FAE04EC0-301F-11D3-BF4B-00C04F79EFBC}") = "HIS_MaterialManage", "PluginServer\DrugProject\HIS_MaterialManager\HIS_MaterialManage.csproj", "{6C120601-4A99-4BD6-A251-E17ACD770551}"
EndProject
Project("{FAE04EC0-301F-11D3-BF4B-00C04F79EFBC}") = "HIS_IPDoctor", "PluginServer\IPProject\HIS_IPDoctor\HIS_IPDoctor.csproj", "{04F709AF-8DA0-4C07-985B-6186CD807905}"
EndProject
Project("{FAE04EC0-301F-11D3-BF4B-00C04F79EFBC}") = "HIS_IPEMR", "PluginServer\IPProject\HIS_IPEMR\HIS_IPEMR.csproj", "{819FD4C4-BDE0-408C-9E77-1536B51C94BA}"
EndProject
Project("{FAE04EC0-301F-11D3-BF4B-00C04F79EFBC}") = "HIS_IPManage", "PluginServer\IPProject\HIS_IPManage\HIS_IPManage.csproj", "{51DE104C-4906-49EE-AFD9-1A89C6DBAD1C}"
EndProject
Project("{FAE04EC0-301F-11D3-BF4B-00C04F79EFBC}") = "HIS_IPNurse", "PluginServer\IPProject\HIS_IPNurse\HIS_IPNurse.csproj", "{4A40D5BE-56BF-4400-938E-E75B6DBBE555}"
EndProject
Project("{FAE04EC0-301F-11D3-BF4B-00C04F79EFBC}") = "HIS_MemberManage", "PluginServer\OPProject\HIS_MemberManage\HIS_MemberManage.csproj", "{420CEEFD-9AE5-4049-8E84-63F2D66AA907}"
EndProject
Project("{FAE04EC0-301F-11D3-BF4B-00C04F79EFBC}") = "HIS_OPDoctor", "PluginServer\OPProject\HIS_OPDoctor\HIS_OPDoctor.csproj", "{520356FA-4BFA-49F8-B9A7-71787C012C74}"
EndProject
Project("{FAE04EC0-301F-11D3-BF4B-00C04F79EFBC}") = "HIS_OPManage", "PluginServer\OPProject\HIS_OPManage\HIS_OPManage.csproj", "{BDDEAF8F-ECE8-47DD-883C-02007285A3AE}"
EndProject
Project("{FAE04EC0-301F-11D3-BF4B-00C04F79EFBC}") = "HIS_OPNurse", "PluginServer\OPProject\HIS_OPNurse\HIS_OPNurse.csproj", "{81703FD9-C73F-4BB3-B763-41AEB88FCC83}"
EndProject
Project("{2150E333-8FDC-42A3-9474-1A3956D46DE8}") = "PublicProject", "PublicProject", "{C1033D01-23C1-491D-BDC9-1561342B44B9}"
EndProject
Project("{FAE04EC0-301F-11D3-BF4B-00C04F79EFBC}") = "HIS_PublicManage", "PluginServer\PublicProject\HIS_PublicManage\HIS_PublicManage.csproj", "{E46A826E-5E35-4514-BD02-0088BA4743BC}"
EndProject
Project("{FAE04EC0-301F-11D3-BF4B-00C04F79EFBC}") = "HIS_Entity", "PluginServer\PublicProject\HIS_Entity\HIS_Entity.csproj", "{E74CB0ED-0009-4375-A089-C181FFE0500B}"
EndProject
Project("{2150E333-8FDC-42A3-9474-1A3956D46DE8}") = "MIProject", "MIProject", "{F5B0EFB5-29E4-4020-A682-C1236A66D618}"
EndProject
Project("{FAE04EC0-301F-11D3-BF4B-00C04F79EFBC}") = "MI_MIInterface", "PluginServer\MIProject\MI_MIInterface\MI_MIInterface.csproj", "{8A7D1D4E-531F-48CF-B6D1-4C2B077DECA3}"
EndProject
Project("{FAE04EC0-301F-11D3-BF4B-00C04F79EFBC}") = "HIS_MIInterface", "PluginServer\MIProject\HIS_MIInterface\HIS_MIInterface.csproj", "{47B62C14-2423-419C-86A6-4128F1A8CD34}"
EndProject
Project("{2150E333-8FDC-42A3-9474-1A3956D46DE8}") = "miproject", "miproject", "{272D14F6-E9B5-4AB5-9F9A-33DDA28521FB}"
	ProjectSection(SolutionItems) = preProject
		Output\ModulePlugin\MIProject\plugin.xml = Output\ModulePlugin\MIProject\plugin.xml
	EndProjectSection
EndProject
Project("{2150E333-8FDC-42A3-9474-1A3956D46DE8}") = "miservice", "miservice", "{663BEDE7-973B-404D-B6F6-767FB7C25A33}"
	ProjectSection(SolutionItems) = preProject
		Output\ModulePlugin\MIService\plugin.xml = Output\ModulePlugin\MIService\plugin.xml
	EndProjectSection
EndProject
Project("{FAE04EC0-301F-11D3-BF4B-00C04F79EFBC}") = "HIS_FinancialStatistics", "PluginServer\BaseProject\HIS_FinancialStatistics\HIS_FinancialStatistics.csproj", "{813C9FB3-14F7-452B-820A-0359F46629C2}"
EndProject
Project("{FAE04EC0-301F-11D3-BF4B-00C04F79EFBC}") = "HIS_ThatFee", "PluginServer\BaseProject\HIS_ThatFee\HIS_ThatFee.csproj", "{32A022A5-01B0-4F02-B7EE-0FB67662EF44}"
EndProject
Project("{2150E333-8FDC-42A3-9474-1A3956D46DE8}") = "BGProject", "BGProject", "{5B7A97F4-3A68-4C5A-9D56-0756AD2B80AC}"
EndProject
Project("{2150E333-8FDC-42A3-9474-1A3956D46DE8}") = "BGProject", "BGProject", "{A10DCB06-6B01-4C20-A053-C980DF61E003}"
	ProjectSection(SolutionItems) = preProject
		Output\ModulePlugin\BGProject\plugin.xml = Output\ModulePlugin\BGProject\plugin.xml
	EndProjectSection
EndProject
Project("{2150E333-8FDC-42A3-9474-1A3956D46DE8}") = "BGService", "BGService", "{9B0BD424-8CB7-462B-80F4-6628E137880B}"
	ProjectSection(SolutionItems) = preProject
		Output\ModulePlugin\BGService\plugin.xml = Output\ModulePlugin\BGService\plugin.xml
	EndProjectSection
EndProject
Project("{FAE04EC0-301F-11D3-BF4B-00C04F79EFBC}") = "HIS_BGInterface", "PluginServer\BGProject\HIS_BGInterface\HIS_BGInterface.csproj", "{DEC0E9E8-FAC1-40DC-B576-45FFE4DC2A06}"
EndProject
Project("{FAE04EC0-301F-11D3-BF4B-00C04F79EFBC}") = "Api_BGInterface", "PluginServer\BGProject\Api_BGInterface\Api_BGInterface.csproj", "{0208CA99-8295-455C-BA5B-1CF88D0A5889}"
EndProject
Project("{2150E333-8FDC-42A3-9474-1A3956D46DE8}") = "SQLScript", "SQLScript", "{AD15E06D-0873-4140-A93E-B487F9345A0C}"
EndProject
Project("{2150E333-8FDC-42A3-9474-1A3956D46DE8}") = "PTProject", "PTProject", "{E006BDDC-1344-47E4-8683-833EF3A30A43}"
EndProject
Project("{2150E333-8FDC-42A3-9474-1A3956D46DE8}") = "ptproject", "ptproject", "{2275DBDE-8525-450D-A0FB-0A99E95D3BB2}"
	ProjectSection(SolutionItems) = preProject
		Output\ModulePlugin\PTProject\plugin.xml = Output\ModulePlugin\PTProject\plugin.xml
	EndProjectSection
EndProject
Project("{FAE04EC0-301F-11D3-BF4B-00C04F79EFBC}") = "Api_PerformanceTest", "PluginServer\PTProject\Api_PerformanceTest\Api_PerformanceTest.csproj", "{0FABC4E4-3692-4CFB-AA90-5D987EF16B10}"
EndProject
Project("{FAE04EC0-301F-11D3-BF4B-00C04F79EFBC}") = "SiInterfaceDll", "PluginServer\MIProject\SiInterface\SiInterfaceDll.csproj", "{CDD9DE26-BC67-4799-BF8A-961D27D533E7}"
EndProject
Global
	GlobalSection(SolutionConfigurationPlatforms) = preSolution
		Debug|Any CPU = Debug|Any CPU
		Debug|x86 = Debug|x86
		Release|Any CPU = Release|Any CPU
		Release|x86 = Release|x86
	EndGlobalSection
	GlobalSection(ProjectConfigurationPlatforms) = postSolution
		{BA4AC09D-9707-4158-A437-9783C818B13A}.Debug|Any CPU.ActiveCfg = Release|Any CPU
		{BA4AC09D-9707-4158-A437-9783C818B13A}.Debug|x86.ActiveCfg = Release|Any CPU
		{BA4AC09D-9707-4158-A437-9783C818B13A}.Release|Any CPU.ActiveCfg = Release|Any CPU
		{BA4AC09D-9707-4158-A437-9783C818B13A}.Release|x86.ActiveCfg = Release|Any CPU
		{79168A48-52A6-4486-9CD1-C3E05F9BD94B}.Debug|Any CPU.ActiveCfg = Debug|Any CPU
		{79168A48-52A6-4486-9CD1-C3E05F9BD94B}.Debug|Any CPU.Build.0 = Debug|Any CPU
		{79168A48-52A6-4486-9CD1-C3E05F9BD94B}.Debug|x86.ActiveCfg = Debug|Any CPU
		{79168A48-52A6-4486-9CD1-C3E05F9BD94B}.Debug|x86.Build.0 = Debug|Any CPU
		{79168A48-52A6-4486-9CD1-C3E05F9BD94B}.Release|Any CPU.ActiveCfg = Release|Any CPU
		{79168A48-52A6-4486-9CD1-C3E05F9BD94B}.Release|Any CPU.Build.0 = Release|Any CPU
		{79168A48-52A6-4486-9CD1-C3E05F9BD94B}.Release|x86.ActiveCfg = Release|Any CPU
		{79168A48-52A6-4486-9CD1-C3E05F9BD94B}.Release|x86.Build.0 = Release|Any CPU
		{A7DA6C13-E76A-489F-974F-B987DCFD29FC}.Debug|Any CPU.ActiveCfg = Debug|Any CPU
		{A7DA6C13-E76A-489F-974F-B987DCFD29FC}.Debug|Any CPU.Build.0 = Debug|Any CPU
		{A7DA6C13-E76A-489F-974F-B987DCFD29FC}.Debug|x86.ActiveCfg = Debug|Any CPU
		{A7DA6C13-E76A-489F-974F-B987DCFD29FC}.Debug|x86.Build.0 = Debug|Any CPU
		{A7DA6C13-E76A-489F-974F-B987DCFD29FC}.Release|Any CPU.ActiveCfg = Release|Any CPU
		{A7DA6C13-E76A-489F-974F-B987DCFD29FC}.Release|Any CPU.Build.0 = Release|Any CPU
		{A7DA6C13-E76A-489F-974F-B987DCFD29FC}.Release|x86.ActiveCfg = Release|Any CPU
		{A7DA6C13-E76A-489F-974F-B987DCFD29FC}.Release|x86.Build.0 = Release|Any CPU
		{1E7366C4-1850-4429-89E8-8561B6B855BA}.Debug|Any CPU.ActiveCfg = Debug|Any CPU
		{1E7366C4-1850-4429-89E8-8561B6B855BA}.Debug|Any CPU.Build.0 = Debug|Any CPU
		{1E7366C4-1850-4429-89E8-8561B6B855BA}.Debug|x86.ActiveCfg = Debug|Any CPU
		{1E7366C4-1850-4429-89E8-8561B6B855BA}.Debug|x86.Build.0 = Debug|Any CPU
		{1E7366C4-1850-4429-89E8-8561B6B855BA}.Release|Any CPU.ActiveCfg = Release|Any CPU
		{1E7366C4-1850-4429-89E8-8561B6B855BA}.Release|Any CPU.Build.0 = Release|Any CPU
		{1E7366C4-1850-4429-89E8-8561B6B855BA}.Release|x86.ActiveCfg = Release|Any CPU
		{1E7366C4-1850-4429-89E8-8561B6B855BA}.Release|x86.Build.0 = Release|Any CPU
		{6C120601-4A99-4BD6-A251-E17ACD770551}.Debug|Any CPU.ActiveCfg = Debug|Any CPU
		{6C120601-4A99-4BD6-A251-E17ACD770551}.Debug|Any CPU.Build.0 = Debug|Any CPU
		{6C120601-4A99-4BD6-A251-E17ACD770551}.Debug|x86.ActiveCfg = Debug|Any CPU
		{6C120601-4A99-4BD6-A251-E17ACD770551}.Debug|x86.Build.0 = Debug|Any CPU
		{6C120601-4A99-4BD6-A251-E17ACD770551}.Release|Any CPU.ActiveCfg = Release|Any CPU
		{6C120601-4A99-4BD6-A251-E17ACD770551}.Release|Any CPU.Build.0 = Release|Any CPU
		{6C120601-4A99-4BD6-A251-E17ACD770551}.Release|x86.ActiveCfg = Release|Any CPU
		{6C120601-4A99-4BD6-A251-E17ACD770551}.Release|x86.Build.0 = Release|Any CPU
		{04F709AF-8DA0-4C07-985B-6186CD807905}.Debug|Any CPU.ActiveCfg = Debug|Any CPU
		{04F709AF-8DA0-4C07-985B-6186CD807905}.Debug|Any CPU.Build.0 = Debug|Any CPU
		{04F709AF-8DA0-4C07-985B-6186CD807905}.Debug|x86.ActiveCfg = Debug|Any CPU
		{04F709AF-8DA0-4C07-985B-6186CD807905}.Debug|x86.Build.0 = Debug|Any CPU
		{04F709AF-8DA0-4C07-985B-6186CD807905}.Release|Any CPU.ActiveCfg = Release|Any CPU
		{04F709AF-8DA0-4C07-985B-6186CD807905}.Release|Any CPU.Build.0 = Release|Any CPU
		{04F709AF-8DA0-4C07-985B-6186CD807905}.Release|x86.ActiveCfg = Release|Any CPU
		{04F709AF-8DA0-4C07-985B-6186CD807905}.Release|x86.Build.0 = Release|Any CPU
		{819FD4C4-BDE0-408C-9E77-1536B51C94BA}.Debug|Any CPU.ActiveCfg = Debug|Any CPU
		{819FD4C4-BDE0-408C-9E77-1536B51C94BA}.Debug|Any CPU.Build.0 = Debug|Any CPU
		{819FD4C4-BDE0-408C-9E77-1536B51C94BA}.Debug|x86.ActiveCfg = Debug|Any CPU
		{819FD4C4-BDE0-408C-9E77-1536B51C94BA}.Debug|x86.Build.0 = Debug|Any CPU
		{819FD4C4-BDE0-408C-9E77-1536B51C94BA}.Release|Any CPU.ActiveCfg = Release|Any CPU
		{819FD4C4-BDE0-408C-9E77-1536B51C94BA}.Release|Any CPU.Build.0 = Release|Any CPU
		{819FD4C4-BDE0-408C-9E77-1536B51C94BA}.Release|x86.ActiveCfg = Release|Any CPU
		{819FD4C4-BDE0-408C-9E77-1536B51C94BA}.Release|x86.Build.0 = Release|Any CPU
		{51DE104C-4906-49EE-AFD9-1A89C6DBAD1C}.Debug|Any CPU.ActiveCfg = Debug|Any CPU
		{51DE104C-4906-49EE-AFD9-1A89C6DBAD1C}.Debug|Any CPU.Build.0 = Debug|Any CPU
		{51DE104C-4906-49EE-AFD9-1A89C6DBAD1C}.Debug|x86.ActiveCfg = Debug|Any CPU
		{51DE104C-4906-49EE-AFD9-1A89C6DBAD1C}.Debug|x86.Build.0 = Debug|Any CPU
		{51DE104C-4906-49EE-AFD9-1A89C6DBAD1C}.Release|Any CPU.ActiveCfg = Release|Any CPU
		{51DE104C-4906-49EE-AFD9-1A89C6DBAD1C}.Release|Any CPU.Build.0 = Release|Any CPU
		{51DE104C-4906-49EE-AFD9-1A89C6DBAD1C}.Release|x86.ActiveCfg = Release|Any CPU
		{51DE104C-4906-49EE-AFD9-1A89C6DBAD1C}.Release|x86.Build.0 = Release|Any CPU
		{4A40D5BE-56BF-4400-938E-E75B6DBBE555}.Debug|Any CPU.ActiveCfg = Debug|Any CPU
		{4A40D5BE-56BF-4400-938E-E75B6DBBE555}.Debug|Any CPU.Build.0 = Debug|Any CPU
		{4A40D5BE-56BF-4400-938E-E75B6DBBE555}.Debug|x86.ActiveCfg = Debug|Any CPU
		{4A40D5BE-56BF-4400-938E-E75B6DBBE555}.Debug|x86.Build.0 = Debug|Any CPU
		{4A40D5BE-56BF-4400-938E-E75B6DBBE555}.Release|Any CPU.ActiveCfg = Release|Any CPU
		{4A40D5BE-56BF-4400-938E-E75B6DBBE555}.Release|Any CPU.Build.0 = Release|Any CPU
		{4A40D5BE-56BF-4400-938E-E75B6DBBE555}.Release|x86.ActiveCfg = Release|Any CPU
		{4A40D5BE-56BF-4400-938E-E75B6DBBE555}.Release|x86.Build.0 = Release|Any CPU
		{420CEEFD-9AE5-4049-8E84-63F2D66AA907}.Debug|Any CPU.ActiveCfg = Debug|Any CPU
		{420CEEFD-9AE5-4049-8E84-63F2D66AA907}.Debug|Any CPU.Build.0 = Debug|Any CPU
		{420CEEFD-9AE5-4049-8E84-63F2D66AA907}.Debug|x86.ActiveCfg = Debug|Any CPU
		{420CEEFD-9AE5-4049-8E84-63F2D66AA907}.Debug|x86.Build.0 = Debug|Any CPU
		{420CEEFD-9AE5-4049-8E84-63F2D66AA907}.Release|Any CPU.ActiveCfg = Release|Any CPU
		{420CEEFD-9AE5-4049-8E84-63F2D66AA907}.Release|Any CPU.Build.0 = Release|Any CPU
		{420CEEFD-9AE5-4049-8E84-63F2D66AA907}.Release|x86.ActiveCfg = Release|Any CPU
		{420CEEFD-9AE5-4049-8E84-63F2D66AA907}.Release|x86.Build.0 = Release|Any CPU
		{520356FA-4BFA-49F8-B9A7-71787C012C74}.Debug|Any CPU.ActiveCfg = Debug|Any CPU
		{520356FA-4BFA-49F8-B9A7-71787C012C74}.Debug|Any CPU.Build.0 = Debug|Any CPU
		{520356FA-4BFA-49F8-B9A7-71787C012C74}.Debug|x86.ActiveCfg = Debug|Any CPU
		{520356FA-4BFA-49F8-B9A7-71787C012C74}.Debug|x86.Build.0 = Debug|Any CPU
		{520356FA-4BFA-49F8-B9A7-71787C012C74}.Release|Any CPU.ActiveCfg = Release|Any CPU
		{520356FA-4BFA-49F8-B9A7-71787C012C74}.Release|Any CPU.Build.0 = Release|Any CPU
		{520356FA-4BFA-49F8-B9A7-71787C012C74}.Release|x86.ActiveCfg = Release|Any CPU
		{520356FA-4BFA-49F8-B9A7-71787C012C74}.Release|x86.Build.0 = Release|Any CPU
		{BDDEAF8F-ECE8-47DD-883C-02007285A3AE}.Debug|Any CPU.ActiveCfg = Debug|Any CPU
		{BDDEAF8F-ECE8-47DD-883C-02007285A3AE}.Debug|Any CPU.Build.0 = Debug|Any CPU
		{BDDEAF8F-ECE8-47DD-883C-02007285A3AE}.Debug|x86.ActiveCfg = Debug|Any CPU
		{BDDEAF8F-ECE8-47DD-883C-02007285A3AE}.Debug|x86.Build.0 = Debug|Any CPU
		{BDDEAF8F-ECE8-47DD-883C-02007285A3AE}.Release|Any CPU.ActiveCfg = Release|Any CPU
		{BDDEAF8F-ECE8-47DD-883C-02007285A3AE}.Release|Any CPU.Build.0 = Release|Any CPU
		{BDDEAF8F-ECE8-47DD-883C-02007285A3AE}.Release|x86.ActiveCfg = Release|Any CPU
		{BDDEAF8F-ECE8-47DD-883C-02007285A3AE}.Release|x86.Build.0 = Release|Any CPU
		{81703FD9-C73F-4BB3-B763-41AEB88FCC83}.Debug|Any CPU.ActiveCfg = Debug|Any CPU
		{81703FD9-C73F-4BB3-B763-41AEB88FCC83}.Debug|Any CPU.Build.0 = Debug|Any CPU
		{81703FD9-C73F-4BB3-B763-41AEB88FCC83}.Debug|x86.ActiveCfg = Debug|Any CPU
		{81703FD9-C73F-4BB3-B763-41AEB88FCC83}.Debug|x86.Build.0 = Debug|Any CPU
		{81703FD9-C73F-4BB3-B763-41AEB88FCC83}.Release|Any CPU.ActiveCfg = Release|Any CPU
		{81703FD9-C73F-4BB3-B763-41AEB88FCC83}.Release|Any CPU.Build.0 = Release|Any CPU
		{81703FD9-C73F-4BB3-B763-41AEB88FCC83}.Release|x86.ActiveCfg = Release|Any CPU
		{81703FD9-C73F-4BB3-B763-41AEB88FCC83}.Release|x86.Build.0 = Release|Any CPU
		{E46A826E-5E35-4514-BD02-0088BA4743BC}.Debug|Any CPU.ActiveCfg = Debug|Any CPU
		{E46A826E-5E35-4514-BD02-0088BA4743BC}.Debug|Any CPU.Build.0 = Debug|Any CPU
		{E46A826E-5E35-4514-BD02-0088BA4743BC}.Debug|x86.ActiveCfg = Debug|Any CPU
		{E46A826E-5E35-4514-BD02-0088BA4743BC}.Debug|x86.Build.0 = Debug|Any CPU
		{E46A826E-5E35-4514-BD02-0088BA4743BC}.Release|Any CPU.ActiveCfg = Release|Any CPU
		{E46A826E-5E35-4514-BD02-0088BA4743BC}.Release|Any CPU.Build.0 = Release|Any CPU
		{E46A826E-5E35-4514-BD02-0088BA4743BC}.Release|x86.ActiveCfg = Release|Any CPU
		{E46A826E-5E35-4514-BD02-0088BA4743BC}.Release|x86.Build.0 = Release|Any CPU
		{E74CB0ED-0009-4375-A089-C181FFE0500B}.Debug|Any CPU.ActiveCfg = Debug|Any CPU
		{E74CB0ED-0009-4375-A089-C181FFE0500B}.Debug|Any CPU.Build.0 = Debug|Any CPU
		{E74CB0ED-0009-4375-A089-C181FFE0500B}.Debug|x86.ActiveCfg = Debug|Any CPU
		{E74CB0ED-0009-4375-A089-C181FFE0500B}.Debug|x86.Build.0 = Debug|Any CPU
		{E74CB0ED-0009-4375-A089-C181FFE0500B}.Release|Any CPU.ActiveCfg = Release|Any CPU
		{E74CB0ED-0009-4375-A089-C181FFE0500B}.Release|Any CPU.Build.0 = Release|Any CPU
		{E74CB0ED-0009-4375-A089-C181FFE0500B}.Release|x86.ActiveCfg = Release|Any CPU
		{E74CB0ED-0009-4375-A089-C181FFE0500B}.Release|x86.Build.0 = Release|Any CPU
		{8A7D1D4E-531F-48CF-B6D1-4C2B077DECA3}.Debug|Any CPU.ActiveCfg = Debug|Any CPU
		{8A7D1D4E-531F-48CF-B6D1-4C2B077DECA3}.Debug|Any CPU.Build.0 = Debug|Any CPU
		{8A7D1D4E-531F-48CF-B6D1-4C2B077DECA3}.Debug|x86.ActiveCfg = Debug|Any CPU
		{8A7D1D4E-531F-48CF-B6D1-4C2B077DECA3}.Debug|x86.Build.0 = Debug|Any CPU
		{8A7D1D4E-531F-48CF-B6D1-4C2B077DECA3}.Release|Any CPU.ActiveCfg = Release|Any CPU
		{8A7D1D4E-531F-48CF-B6D1-4C2B077DECA3}.Release|Any CPU.Build.0 = Release|Any CPU
		{8A7D1D4E-531F-48CF-B6D1-4C2B077DECA3}.Release|x86.ActiveCfg = Release|Any CPU
		{8A7D1D4E-531F-48CF-B6D1-4C2B077DECA3}.Release|x86.Build.0 = Release|Any CPU
		{47B62C14-2423-419C-86A6-4128F1A8CD34}.Debug|Any CPU.ActiveCfg = Debug|Any CPU
		{47B62C14-2423-419C-86A6-4128F1A8CD34}.Debug|Any CPU.Build.0 = Debug|Any CPU
		{47B62C14-2423-419C-86A6-4128F1A8CD34}.Debug|x86.ActiveCfg = Debug|Any CPU
		{47B62C14-2423-419C-86A6-4128F1A8CD34}.Debug|x86.Build.0 = Debug|Any CPU
		{47B62C14-2423-419C-86A6-4128F1A8CD34}.Release|Any CPU.ActiveCfg = Release|Any CPU
		{47B62C14-2423-419C-86A6-4128F1A8CD34}.Release|Any CPU.Build.0 = Release|Any CPU
		{47B62C14-2423-419C-86A6-4128F1A8CD34}.Release|x86.ActiveCfg = Release|Any CPU
		{47B62C14-2423-419C-86A6-4128F1A8CD34}.Release|x86.Build.0 = Release|Any CPU
		{813C9FB3-14F7-452B-820A-0359F46629C2}.Debug|Any CPU.ActiveCfg = Debug|Any CPU
		{813C9FB3-14F7-452B-820A-0359F46629C2}.Debug|Any CPU.Build.0 = Debug|Any CPU
		{813C9FB3-14F7-452B-820A-0359F46629C2}.Debug|x86.ActiveCfg = Debug|Any CPU
		{813C9FB3-14F7-452B-820A-0359F46629C2}.Debug|x86.Build.0 = Debug|Any CPU
		{813C9FB3-14F7-452B-820A-0359F46629C2}.Release|Any CPU.ActiveCfg = Release|Any CPU
		{813C9FB3-14F7-452B-820A-0359F46629C2}.Release|Any CPU.Build.0 = Release|Any CPU
		{813C9FB3-14F7-452B-820A-0359F46629C2}.Release|x86.ActiveCfg = Release|Any CPU
		{813C9FB3-14F7-452B-820A-0359F46629C2}.Release|x86.Build.0 = Release|Any CPU
		{32A022A5-01B0-4F02-B7EE-0FB67662EF44}.Debug|Any CPU.ActiveCfg = Debug|Any CPU
		{32A022A5-01B0-4F02-B7EE-0FB67662EF44}.Debug|Any CPU.Build.0 = Debug|Any CPU
		{32A022A5-01B0-4F02-B7EE-0FB67662EF44}.Debug|x86.ActiveCfg = Debug|Any CPU
		{32A022A5-01B0-4F02-B7EE-0FB67662EF44}.Debug|x86.Build.0 = Debug|Any CPU
		{32A022A5-01B0-4F02-B7EE-0FB67662EF44}.Release|Any CPU.ActiveCfg = Release|Any CPU
		{32A022A5-01B0-4F02-B7EE-0FB67662EF44}.Release|Any CPU.Build.0 = Release|Any CPU
		{32A022A5-01B0-4F02-B7EE-0FB67662EF44}.Release|x86.ActiveCfg = Release|Any CPU
		{32A022A5-01B0-4F02-B7EE-0FB67662EF44}.Release|x86.Build.0 = Release|Any CPU
		{DEC0E9E8-FAC1-40DC-B576-45FFE4DC2A06}.Debug|Any CPU.ActiveCfg = Debug|Any CPU
		{DEC0E9E8-FAC1-40DC-B576-45FFE4DC2A06}.Debug|Any CPU.Build.0 = Debug|Any CPU
		{DEC0E9E8-FAC1-40DC-B576-45FFE4DC2A06}.Debug|x86.ActiveCfg = Debug|Any CPU
		{DEC0E9E8-FAC1-40DC-B576-45FFE4DC2A06}.Debug|x86.Build.0 = Debug|Any CPU
		{DEC0E9E8-FAC1-40DC-B576-45FFE4DC2A06}.Release|Any CPU.ActiveCfg = Release|Any CPU
		{DEC0E9E8-FAC1-40DC-B576-45FFE4DC2A06}.Release|Any CPU.Build.0 = Release|Any CPU
		{DEC0E9E8-FAC1-40DC-B576-45FFE4DC2A06}.Release|x86.ActiveCfg = Release|Any CPU
		{DEC0E9E8-FAC1-40DC-B576-45FFE4DC2A06}.Release|x86.Build.0 = Release|Any CPU
		{0208CA99-8295-455C-BA5B-1CF88D0A5889}.Debug|Any CPU.ActiveCfg = Debug|Any CPU
		{0208CA99-8295-455C-BA5B-1CF88D0A5889}.Debug|Any CPU.Build.0 = Debug|Any CPU
		{0208CA99-8295-455C-BA5B-1CF88D0A5889}.Debug|x86.ActiveCfg = Debug|Any CPU
		{0208CA99-8295-455C-BA5B-1CF88D0A5889}.Debug|x86.Build.0 = Debug|Any CPU
		{0208CA99-8295-455C-BA5B-1CF88D0A5889}.Release|Any CPU.ActiveCfg = Release|Any CPU
		{0208CA99-8295-455C-BA5B-1CF88D0A5889}.Release|Any CPU.Build.0 = Release|Any CPU
		{0208CA99-8295-455C-BA5B-1CF88D0A5889}.Release|x86.ActiveCfg = Release|Any CPU
		{0208CA99-8295-455C-BA5B-1CF88D0A5889}.Release|x86.Build.0 = Release|Any CPU
		{0FABC4E4-3692-4CFB-AA90-5D987EF16B10}.Debug|Any CPU.ActiveCfg = Debug|Any CPU
		{0FABC4E4-3692-4CFB-AA90-5D987EF16B10}.Debug|Any CPU.Build.0 = Debug|Any CPU
		{0FABC4E4-3692-4CFB-AA90-5D987EF16B10}.Debug|x86.ActiveCfg = Debug|Any CPU
		{0FABC4E4-3692-4CFB-AA90-5D987EF16B10}.Debug|x86.Build.0 = Debug|Any CPU
		{0FABC4E4-3692-4CFB-AA90-5D987EF16B10}.Release|Any CPU.ActiveCfg = Release|Any CPU
		{0FABC4E4-3692-4CFB-AA90-5D987EF16B10}.Release|Any CPU.Build.0 = Release|Any CPU
		{0FABC4E4-3692-4CFB-AA90-5D987EF16B10}.Release|x86.ActiveCfg = Release|Any CPU
		{0FABC4E4-3692-4CFB-AA90-5D987EF16B10}.Release|x86.Build.0 = Release|Any CPU
		{CDD9DE26-BC67-4799-BF8A-961D27D533E7}.Debug|Any CPU.ActiveCfg = Debug|Any CPU
		{CDD9DE26-BC67-4799-BF8A-961D27D533E7}.Debug|Any CPU.Build.0 = Debug|Any CPU
		{CDD9DE26-BC67-4799-BF8A-961D27D533E7}.Debug|x86.ActiveCfg = Debug|Any CPU
		{CDD9DE26-BC67-4799-BF8A-961D27D533E7}.Debug|x86.Build.0 = Debug|Any CPU
		{CDD9DE26-BC67-4799-BF8A-961D27D533E7}.Release|Any CPU.ActiveCfg = Release|Any CPU
		{CDD9DE26-BC67-4799-BF8A-961D27D533E7}.Release|Any CPU.Build.0 = Release|Any CPU
		{CDD9DE26-BC67-4799-BF8A-961D27D533E7}.Release|x86.ActiveCfg = Release|Any CPU
		{CDD9DE26-BC67-4799-BF8A-961D27D533E7}.Release|x86.Build.0 = Release|Any CPU
	EndGlobalSection
	GlobalSection(SolutionProperties) = preSolution
		HideSolutionNode = FALSE
	EndGlobalSection
	GlobalSection(NestedProjects) = preSolution
		{8B24FA62-8400-4E9F-A926-9DA0F66E073E} = {D9CE1A7C-97FF-48D1-8166-EB28703A3D70}
		{F41603BA-07BF-4D91-B0C5-F79B70AEDB1A} = {498A1BA2-D08A-45FD-A618-841FCE47F75C}
		{79168A48-52A6-4486-9CD1-C3E05F9BD94B} = {8B24FA62-8400-4E9F-A926-9DA0F66E073E}
		{09331BC3-CFD2-4813-8F1B-093D95886ADE} = {498A1BA2-D08A-45FD-A618-841FCE47F75C}
		{1AFB4A45-DCCC-4526-AA18-9E92985682EA} = {D9CE1A7C-97FF-48D1-8166-EB28703A3D70}
		{C20E18D1-0DBE-4009-8785-758AB2B5EFCE} = {D9CE1A7C-97FF-48D1-8166-EB28703A3D70}
		{682A1039-C6A1-4773-8905-DE194F6F2ABF} = {D9CE1A7C-97FF-48D1-8166-EB28703A3D70}
		{77B8A686-47B6-4D8D-AC0B-287025296575} = {D9CE1A7C-97FF-48D1-8166-EB28703A3D70}
		{0D444347-8F89-4D55-B520-D1F80E64DB5F} = {498A1BA2-D08A-45FD-A618-841FCE47F75C}
		{C9BED6C6-14CA-4853-AB41-DCD2A9EF99CC} = {498A1BA2-D08A-45FD-A618-841FCE47F75C}
		{DA68C22F-5F30-407A-8AB9-9C2F8ABD486F} = {498A1BA2-D08A-45FD-A618-841FCE47F75C}
		{C736E5D9-52DF-459C-8B19-03A937ECDD28} = {498A1BA2-D08A-45FD-A618-841FCE47F75C}
		{A7DA6C13-E76A-489F-974F-B987DCFD29FC} = {1AFB4A45-DCCC-4526-AA18-9E92985682EA}
		{1E7366C4-1850-4429-89E8-8561B6B855BA} = {C20E18D1-0DBE-4009-8785-758AB2B5EFCE}
		{6C120601-4A99-4BD6-A251-E17ACD770551} = {C20E18D1-0DBE-4009-8785-758AB2B5EFCE}
		{04F709AF-8DA0-4C07-985B-6186CD807905} = {682A1039-C6A1-4773-8905-DE194F6F2ABF}
		{819FD4C4-BDE0-408C-9E77-1536B51C94BA} = {682A1039-C6A1-4773-8905-DE194F6F2ABF}
		{51DE104C-4906-49EE-AFD9-1A89C6DBAD1C} = {682A1039-C6A1-4773-8905-DE194F6F2ABF}
		{4A40D5BE-56BF-4400-938E-E75B6DBBE555} = {682A1039-C6A1-4773-8905-DE194F6F2ABF}
		{420CEEFD-9AE5-4049-8E84-63F2D66AA907} = {77B8A686-47B6-4D8D-AC0B-287025296575}
		{520356FA-4BFA-49F8-B9A7-71787C012C74} = {77B8A686-47B6-4D8D-AC0B-287025296575}
		{BDDEAF8F-ECE8-47DD-883C-02007285A3AE} = {77B8A686-47B6-4D8D-AC0B-287025296575}
		{81703FD9-C73F-4BB3-B763-41AEB88FCC83} = {77B8A686-47B6-4D8D-AC0B-287025296575}
		{C1033D01-23C1-491D-BDC9-1561342B44B9} = {D9CE1A7C-97FF-48D1-8166-EB28703A3D70}
		{E46A826E-5E35-4514-BD02-0088BA4743BC} = {C1033D01-23C1-491D-BDC9-1561342B44B9}
		{E74CB0ED-0009-4375-A089-C181FFE0500B} = {C1033D01-23C1-491D-BDC9-1561342B44B9}
		{F5B0EFB5-29E4-4020-A682-C1236A66D618} = {D9CE1A7C-97FF-48D1-8166-EB28703A3D70}
		{8A7D1D4E-531F-48CF-B6D1-4C2B077DECA3} = {F5B0EFB5-29E4-4020-A682-C1236A66D618}
		{47B62C14-2423-419C-86A6-4128F1A8CD34} = {F5B0EFB5-29E4-4020-A682-C1236A66D618}
		{272D14F6-E9B5-4AB5-9F9A-33DDA28521FB} = {498A1BA2-D08A-45FD-A618-841FCE47F75C}
		{663BEDE7-973B-404D-B6F6-767FB7C25A33} = {498A1BA2-D08A-45FD-A618-841FCE47F75C}
		{813C9FB3-14F7-452B-820A-0359F46629C2} = {1AFB4A45-DCCC-4526-AA18-9E92985682EA}
		{32A022A5-01B0-4F02-B7EE-0FB67662EF44} = {1AFB4A45-DCCC-4526-AA18-9E92985682EA}
		{5B7A97F4-3A68-4C5A-9D56-0756AD2B80AC} = {D9CE1A7C-97FF-48D1-8166-EB28703A3D70}
		{A10DCB06-6B01-4C20-A053-C980DF61E003} = {498A1BA2-D08A-45FD-A618-841FCE47F75C}
		{9B0BD424-8CB7-462B-80F4-6628E137880B} = {498A1BA2-D08A-45FD-A618-841FCE47F75C}
		{DEC0E9E8-FAC1-40DC-B576-45FFE4DC2A06} = {5B7A97F4-3A68-4C5A-9D56-0756AD2B80AC}
		{0208CA99-8295-455C-BA5B-1CF88D0A5889} = {5B7A97F4-3A68-4C5A-9D56-0756AD2B80AC}
		{E006BDDC-1344-47E4-8683-833EF3A30A43} = {D9CE1A7C-97FF-48D1-8166-EB28703A3D70}
		{2275DBDE-8525-450D-A0FB-0A99E95D3BB2} = {498A1BA2-D08A-45FD-A618-841FCE47F75C}
		{0FABC4E4-3692-4CFB-AA90-5D987EF16B10} = {E006BDDC-1344-47E4-8683-833EF3A30A43}
		{CDD9DE26-BC67-4799-BF8A-961D27D533E7} = {F5B0EFB5-29E4-4020-A682-C1236A66D618}
	EndGlobalSection
EndGlobal
